// !$*UTF8*$!
{
	archiveVersion = 1;
	classes = {
	};
	objectVersion = 77;
	objects = {

/* Begin PBXContainerItemProxy section */
		7EFA242A2ECE4B2200C8B68A /* PBXContainerItemProxy */ = {
			isa = PBXContainerItemProxy;
			containerPortal = 7EFA24142ECE4B2100C8B68A /* Project object */;
			proxyType = 1;
			remoteGlobalIDString = 7EFA241B2ECE4B2100C8B68A;
			remoteInfo = BioGuard;
		};
		7EFA24342ECE4B2200C8B68A /* PBXContainerItemProxy */ = {
			isa = PBXContainerItemProxy;
			containerPortal = 7EFA24142ECE4B2100C8B68A /* Project object */;
			proxyType = 1;
			remoteGlobalIDString = 7EFA241B2ECE4B2100C8B68A;
			remoteInfo = BioGuard;
		};
/* End PBXContainerItemProxy section */

/* Begin PBXFileReference section */
		7EFA241C2ECE4B2100C8B68A /* BioGuard.app */ = {isa = PBXFileReference; explicitFileType = wrapper.application; includeInIndex = 0; path = BioGuard.app; sourceTree = BUILT_PRODUCTS_DIR; };
		7EFA24292ECE4B2200C8B68A /* BioGuardTests.xctest */ = {isa = PBXFileReference; explicitFileType = wrapper.cfbundle; includeInIndex = 0; path = BioGuardTests.xctest; sourceTree = BUILT_PRODUCTS_DIR; };
		7EFA24332ECE4B2200C8B68A /* BioGuardUITests.xctest */ = {isa = PBXFileReference; explicitFileType = wrapper.cfbundle; includeInIndex = 0; path = BioGuardUITests.xctest; sourceTree = BUILT_PRODUCTS_DIR; };
/* End PBXFileReference section */

/* Begin PBXFileSystemSynchronizedRootGroup section */
		7EFA241E2ECE4B2100C8B68A /* BioGuard */ = {
			isa = PBXFileSystemSynchronizedRootGroup;
			path = BioGuard;
			sourceTree = "<group>";
		};
		7EFA242C2ECE4B2200C8B68A /* BioGuardTests */ = {
			isa = PBXFileSystemSynchronizedRootGroup;
			path = BioGuardTests;
			sourceTree = "<group>";
		};
		7EFA24362ECE4B2200C8B68A /* BioGuardUITests */ = {
			isa = PBXFileSystemSynchronizedRootGroup;
			path = BioGuardUITests;
			sourceTree = "<group>";
		};
/* End PBXFileSystemSynchronizedRootGroup section */

/* Begin PBXFrameworksBuildPhase section */
		7EFA24192ECE4B2100C8B68A /* Frameworks */ = {
			isa = PBXFrameworksBuildPhase;
			buildActionMask = 2147483647;
			files = (
			);
			runOnlyForDeploymentPostprocessing = 0;
		};
		7EFA24262ECE4B2200C8B68A /* Frameworks */ = {
			isa = PBXFrameworksBuildPhase;
			buildActionMask = 2147483647;
			files = (
			);
			runOnlyForDeploymentPostprocessing = 0;
		};
		7EFA24302ECE4B2200C8B68A /* Frameworks */ = {
			isa = PBXFrameworksBuildPhase;
			buildActionMask = 2147483647;
			files = (
			);
			runOnlyForDeploymentPostprocessing = 0;
		};
/* End PBXFrameworksBuildPhase section */

/* Begin PBXGroup section */
		7EFA24132ECE4B2100C8B68A = {
			isa = PBXGroup;
			children = (
				7EFA241E2ECE4B2100C8B68A /* BioGuard */,
				7EFA242C2ECE4B2200C8B68A /* BioGuardTests */,
				7EFA24362ECE4B2200C8B68A /* BioGuardUITests */,
				7EFA241D2ECE4B2100C8B68A /* Products */,
			);
			sourceTree = "<group>";
		};
		7EFA241D2ECE4B2100C8B68A /* Products */ = {
			isa = PBXGroup;
			children = (
				7EFA241C2ECE4B2100C8B68A /* BioGuard.app */,
				7EFA24292ECE4B2200C8B68A /* BioGuardTests.xctest */,
				7EFA24332ECE4B2200C8B68A /* BioGuardUITests.xctest */,
			);
			name = Products;
			sourceTree = "<group>";
		};
/* End PBXGroup section */

/* Begin PBXNativeTarget section */
		7EFA241B2ECE4B2100C8B68A /* BioGuard */ = {
			isa = PBXNativeTarget;
			buildConfigurationList = 7EFA243D2ECE4B2200C8B68A /* Build configuration list for PBXNativeTarget "BioGuard" */;
			buildPhases = (
				7EFA24182ECE4B2100C8B68A /* Sources */,
				7EFA24192ECE4B2100C8B68A /* Frameworks */,
				7EFA241A2ECE4B2100C8B68A /* Resources */,
			);
			buildRules = (
			);
			dependencies = (
			);
			fileSystemSynchronizedGroups = (
				7EFA241E2ECE4B2100C8B68A /* BioGuard */,
			);
			name = BioGuard;
			packageProductDependencies = (
			);
			productName = BioGuard;
			productReference = 7EFA241C2ECE4B2100C8B68A /* BioGuard.app */;
			productType = "com.apple.product-type.application";
		};
		7EFA24282ECE4B2200C8B68A /* BioGuardTests */ = {
			isa = PBXNativeTarget;
			buildConfigurationList = 7EFA24402ECE4B2200C8B68A /* Build configuration list for PBXNativeTarget "BioGuardTests" */;
			buildPhases = (
				7EFA24252ECE4B2200C8B68A /* Sources */,
				7EFA24262ECE4B2200C8B68A /* Frameworks */,
				7EFA24272ECE4B2200C8B68A /* Resources */,
			);
			buildRules = (
			);
			dependencies = (
				7EFA242B2ECE4B2200C8B68A /* PBXTargetDependency */,
			);
			fileSystemSynchronizedGroups = (
				7EFA242C2ECE4B2200C8B68A /* BioGuardTests */,
			);
			name = BioGuardTests;
			packageProductDependencies = (
			);
			productName = BioGuardTests;
			productReference = 7EFA24292ECE4B2200C8B68A /* BioGuardTests.xctest */;
			productType = "com.apple.product-type.bundle.unit-test";
		};
		7EFA24322ECE4B2200C8B68A /* BioGuardUITests */ = {
			isa = PBXNativeTarget;
			buildConfigurationList = 7EFA24432ECE4B2200C8B68A /* Build configuration list for PBXNativeTarget "BioGuardUITests" */;
			buildPhases = (
				7EFA242F2ECE4B2200C8B68A /* Sources */,
				7EFA24302ECE4B2200C8B68A /* Frameworks */,
				7EFA24312ECE4B2200C8B68A /* Resources */,
			);
			buildRules = (
			);
			dependencies = (
				7EFA24352ECE4B2200C8B68A /* PBXTargetDependency */,
			);
			fileSystemSynchronizedGroups = (
				7EFA24362ECE4B2200C8B68A /* BioGuardUITests */,
			);
			name = BioGuardUITests;
			packageProductDependencies = (
			);
			productName = BioGuardUITests;
			productReference = 7EFA24332ECE4B2200C8B68A /* BioGuardUITests.xctest */;
			productType = "com.apple.product-type.bundle.ui-testing";
		};
/* End PBXNativeTarget section */

/* Begin PBXProject section */
		7EFA24142ECE4B2100C8B68A /* Project object */ = {
			isa = PBXProject;
			attributes = {
				BuildIndependentTargetsInParallel = 1;
				LastSwiftUpdateCheck = 1640;
				LastUpgradeCheck = 1640;
				TargetAttributes = {
					7EFA241B2ECE4B2100C8B68A = {
						CreatedOnToolsVersion = 16.4;
					};
					7EFA24282ECE4B2200C8B68A = {
						CreatedOnToolsVersion = 16.4;
						TestTargetID = 7EFA241B2ECE4B2100C8B68A;
					};
					7EFA24322ECE4B2200C8B68A = {
						CreatedOnToolsVersion = 16.4;
						TestTargetID = 7EFA241B2ECE4B2100C8B68A;
					};
				};
			};
			buildConfigurationList = 7EFA24172ECE4B2100C8B68A /* Build configuration list for PBXProject "BioGuard" */;
			developmentRegion = en;
			hasScannedForEncodings = 0;
			knownRegions = (
				en,
				Base,
			);
			mainGroup = 7EFA24132ECE4B2100C8B68A;
			minimizedProjectReferenceProxies = 1;
			preferredProjectObjectVersion = 77;
			productRefGroup = 7EFA241D2ECE4B2100C8B68A /* Products */;
			projectDirPath = "";
			projectRoot = "";
			targets = (
				7EFA241B2ECE4B2100C8B68A /* BioGuard */,
				7EFA24282ECE4B2200C8B68A /* BioGuardTests */,
				7EFA24322ECE4B2200C8B68A /* BioGuardUITests */,
			);
		};
/* End PBXProject section */

/* Begin PBXResourcesBuildPhase section */
		7EFA241A2ECE4B2100C8B68A /* Resources */ = {
			isa = PBXResourcesBuildPhase;
			buildActionMask = 2147483647;
			files = (
			);
			runOnlyForDeploymentPostprocessing = 0;
		};
		7EFA24272ECE4B2200C8B68A /* Resources */ = {
			isa = PBXResourcesBuildPhase;
			buildActionMask = 2147483647;
			files = (
			);
			runOnlyForDeploymentPostprocessing = 0;
		};
		7EFA24312ECE4B2200C8B68A /* Resources */ = {
			isa = PBXResourcesBuildPhase;
			buildActionMask = 2147483647;
			files = (
			);
			runOnlyForDeploymentPostprocessing = 0;
		};
/* End PBXResourcesBuildPhase section */

/* Begin PBXSourcesBuildPhase section */
		7EFA24182ECE4B2100C8B68A /* Sources */ = {
			isa = PBXSourcesBuildPhase;
			buildActionMask = 2147483647;
			files = (
			);
			runOnlyForDeploymentPostprocessing = 0;
		};
		7EFA24252ECE4B2200C8B68A /* Sources */ = {
			isa = PBXSourcesBuildPhase;
			buildActionMask = 2147483647;
			files = (
			);
			runOnlyForDeploymentPostprocessing = 0;
		};
		7EFA242F2ECE4B2200C8B68A /* Sources */ = {
			isa = PBXSourcesBuildPhase;
			buildActionMask = 2147483647;
			files = (
			);
			runOnlyForDeploymentPostprocessing = 0;
		};
/* End PBXSourcesBuildPhase section */

/* Begin PBXTargetDependency section */
		7EFA242B2ECE4B2200C8B68A /* PBXTargetDependency */ = {
			isa = PBXTargetDependency;
			target = 7EFA241B2ECE4B2100C8B68A /* BioGuard */;
			targetProxy = 7EFA242A2ECE4B2200C8B68A /* PBXContainerItemProxy */;
		};
		7EFA24352ECE4B2200C8B68A /* PBXTargetDependency */ = {
			isa = PBXTargetDependency;
			target = 7EFA241B2ECE4B2100C8B68A /* BioGuard */;
			targetProxy = 7EFA24342ECE4B2200C8B68A /* PBXContainerItemProxy */;
		};
/* End PBXTargetDependency section */

/* Begin XCBuildConfiguration section */
		7EFA243B2ECE4B2200C8B68A /* Debug */ = {
			isa = XCBuildConfiguration;
			buildSettings = {
				ALWAYS_SEARCH_USER_PATHS = NO;
				ASSETCATALOG_COMPILER_GENERATE_SWIFT_ASSET_SYMBOL_EXTENSIONS = YES;
				CLANG_ANALYZER_NONNULL = YES;
				CLANG_ANALYZER_NUMBER_OBJECT_CONVERSION = YES_AGGRESSIVE;
				CLANG_CXX_LANGUAGE_STANDARD = "gnu++20";
				CLANG_ENABLE_MODULES = YES;
				CLANG_ENABLE_OBJC_ARC = YES;
				CLANG_ENABLE_OBJC_WEAK = YES;
				CLANG_WARN_BLOCK_CAPTURE_AUTORELEASING = YES;
				CLANG_WARN_BOOL_CONVERSION = YES;
				CLANG_WARN_COMMA = YES;
				CLANG_WARN_CONSTANT_CONVERSION = YES;
				CLANG_WARN_DEPRECATED_OBJC_IMPLEMENTATIONS = YES;
				CLANG_WARN_DIRECT_OBJC_ISA_USAGE = YES_ERROR;
				CLANG_WARN_DOCUMENTATION_COMMENTS = YES;
				CLANG_WARN_EMPTY_BODY = YES;
				CLANG_WARN_ENUM_CONVERSION = YES;
				CLANG_WARN_INFINITE_RECURSION = YES;
				CLANG_WARN_INT_CONVERSION = YES;
				CLANG_WARN_NON_LITERAL_NULL_CONVERSION = YES;
				CLANG_WARN_OBJC_IMPLICIT_RETAIN_SELF = YES;
				CLANG_WARN_OBJC_LITERAL_CONVERSION = YES;
				CLANG_WARN_OBJC_ROOT_CLASS = YES_ERROR;
				CLANG_WARN_QUOTED_INCLUDE_IN_FRAMEWORK_HEADER = YES;
				CLANG_WARN_RANGE_LOOP_ANALYSIS = YES;
				CLANG_WARN_STRICT_PROTOTYPES = YES;
				CLANG_WARN_SUSPICIOUS_MOVE = YES;
				CLANG_WARN_UNGUARDED_AVAILABILITY = YES_AGGRESSIVE;
				CLANG_WARN_UNREACHABLE_CODE = YES;
				CLANG_WARN__DUPLICATE_METHOD_MATCH = YES;
				COPY_PHASE_STRIP = NO;
				DEBUG_INFORMATION_FORMAT = dwarf;
				ENABLE_STRICT_OBJC_MSGSEND = YES;
				ENABLE_TESTABILITY = YES;
				ENABLE_USER_SCRIPT_SANDBOXING = YES;
				GCC_C_LANGUAGE_STANDARD = gnu17;
				GCC_DYNAMIC_NO_PIC = NO;
				GCC_NO_COMMON_BLOCKS = YES;
				GCC_OPTIMIZATION_LEVEL = 0;
				GCC_PREPROCESSOR_DEFINITIONS = (
					"DEBUG=1",
					"$(inherited)",
				);
				GCC_WARN_64_TO_32_BIT_CONVERSION = YES;
				GCC_WARN_ABOUT_RETURN_TYPE = YES_ERROR;
				GCC_WARN_UNDECLARED_SELECTOR = YES;
				GCC_WARN_UNINITIALIZED_AUTOS = YES_AGGRESSIVE;
				GCC_WARN_UNUSED_FUNCTION = YES;
				GCC_WARN_UNUSED_VARIABLE = YES;
				IPHONEOS_DEPLOYMENT_TARGET = 18.5;
				LOCALIZATION_PREFERS_STRING_CATALOGS = YES;
				MTL_ENABLE_DEBUG_INFO = INCLUDE_SOURCE;
				MTL_FAST_MATH = YES;
				ONLY_ACTIVE_ARCH = YES;
				SDKROOT = iphoneos;
				SWIFT_ACTIVE_COMPILATION_CONDITIONS = "DEBUG $(inherited)";
				SWIFT_OPTIMIZATION_LEVEL = "-Onone";
			};
			name = Debug;
		};
		7EFA243C2ECE4B2200C8B68A /* Release */ = {
			isa = XCBuildConfiguration;
			buildSettings = {
				ALWAYS_SEARCH_USER_PATHS = NO;
				ASSETCATALOG_COMPILER_GENERATE_SWIFT_ASSET_SYMBOL_EXTENSIONS = YES;
				CLANG_ANALYZER_NONNULL = YES;
				CLANG_ANALYZER_NUMBER_OBJECT_CONVERSION = YES_AGGRESSIVE;
				CLANG_CXX_LANGUAGE_STANDARD = "gnu++20";
				CLANG_ENABLE_MODULES = YES;
				CLANG_ENABLE_OBJC_ARC = YES;
				CLANG_ENABLE_OBJC_WEAK = YES;
				CLANG_WARN_BLOCK_CAPTURE_AUTORELEASING = YES;
				CLANG_WARN_BOOL_CONVERSION = YES;
				CLANG_WARN_COMMA = YES;
				CLANG_WARN_CONSTANT_CONVERSION = YES;
				CLANG_WARN_DEPRECATED_OBJC_IMPLEMENTATIONS = YES;
				CLANG_WARN_DIRECT_OBJC_ISA_USAGE = YES_ERROR;
				CLANG_WARN_DOCUMENTATION_COMMENTS = YES;
				CLANG_WARN_EMPTY_BODY = YES;
				CLANG_WARN_ENUM_CONVERSION = YES;
				CLANG_WARN_INFINITE_RECURSION = YES;
				CLANG_WARN_INT_CONVERSION = YES;
				CLANG_WARN_NON_LITERAL_NULL_CONVERSION = YES;
				CLANG_WARN_OBJC_IMPLICIT_RETAIN_SELF = YES;
				CLANG_WARN_OBJC_LITERAL_CONVERSION = YES;
				CLANG_WARN_OBJC_ROOT_CLASS = YES_ERROR;
				CLANG_WARN_QUOTED_INCLUDE_IN_FRAMEWORK_HEADER = YES;
				CLANG_WARN_RANGE_LOOP_ANALYSIS = YES;
				CLANG_WARN_STRICT_PROTOTYPES = YES;
				CLANG_WARN_SUSPICIOUS_MOVE = YES;
				CLANG_WARN_UNGUARDED_AVAILABILITY = YES_AGGRESSIVE;
				CLANG_WARN_UNREACHABLE_CODE = YES;
				CLANG_WARN__DUPLICATE_METHOD_MATCH = YES;
				COPY_PHASE_STRIP = NO;
				DEBUG_INFORMATION_FORMAT = "dwarf-with-dsym";
				ENABLE_NS_ASSERTIONS = NO;
				ENABLE_STRICT_OBJC_MSGSEND = YES;
				ENABLE_USER_SCRIPT_SANDBOXING = YES;
				GCC_C_LANGUAGE_STANDARD = gnu17;
				GCC_NO_COMMON_BLOCKS = YES;
				GCC_WARN_64_TO_32_BIT_CONVERSION = YES;
				GCC_WARN_ABOUT_RETURN_TYPE = YES_ERROR;
				GCC_WARN_UNDECLARED_SELECTOR = YES;
				GCC_WARN_UNINITIALIZED_AUTOS = YES_AGGRESSIVE;
				GCC_WARN_UNUSED_FUNCTION = YES;
				GCC_WARN_UNUSED_VARIABLE = YES;
				IPHONEOS_DEPLOYMENT_TARGET = 18.5;
				LOCALIZATION_PREFERS_STRING_CATALOGS = YES;
				MTL_ENABLE_DEBUG_INFO = NO;
				MTL_FAST_MATH = YES;
				SDKROOT = iphoneos;
				SWIFT_COMPILATION_MODE = wholemodule;
				VALIDATE_PRODUCT = YES;
			};
			name = Release;
		};
		7EFA243E2ECE4B2200C8B68A /* Debug */ = {
			isa = XCBuildConfiguration;
			buildSettings = {
				ASSETCATALOG_COMPILER_APPICON_NAME = AppIcon;
				ASSETCATALOG_COMPILER_GLOBAL_ACCENT_COLOR_NAME = AccentColor;
				CODE_SIGN_STYLE = Automatic;
				CURRENT_PROJECT_VERSION = 1;
				ENABLE_PREVIEWS = YES;
				GENERATE_INFOPLIST_FILE = YES;
				INFOPLIST_KEY_UIApplicationSceneManifest_Generation = YES;
				INFOPLIST_KEY_UIApplicationSupportsIndirectInputEvents = YES;
				INFOPLIST_KEY_UILaunchScreen_Generation = YES;
				INFOPLIST_KEY_UISupportedInterfaceOrientations_iPad = "UIInterfaceOrientationPortrait UIInterfaceOrientationPortraitUpsideDown UIInterfaceOrientationLandscapeLeft UIInterfaceOrientationLandscapeRight";
				INFOPLIST_KEY_UISupportedInterfaceOrientations_iPhone = "UIInterfaceOrientationPortrait UIInterfaceOrientationLandscapeLeft UIInterfaceOrientationLandscapeRight";
				LD_RUNPATH_SEARCH_PATHS = (
					"$(inherited)",
					"@executable_path/Frameworks",
				);
				MARKETING_VERSION = 1.0;
				PRODUCT_BUNDLE_IDENTIFIER = "-.BioGuard";
				PRODUCT_NAME = "$(TARGET_NAME)";
				SWIFT_EMIT_LOC_STRINGS = YES;
				SWIFT_VERSION = 5.0;
				TARGETED_DEVICE_FAMILY = "1,2";
			};
			name = Debug;
		};
		7EFA243F2ECE4B2200C8B68A /* Release */ = {
			isa = XCBuildConfiguration;
			buildSettings = {
				ASSETCATALOG_COMPILER_APPICON_NAME = AppIcon;
				ASSETCATALOG_COMPILER_GLOBAL_ACCENT_COLOR_NAME = AccentColor;
				CODE_SIGN_STYLE = Automatic;
				CURRENT_PROJECT_VERSION = 1;
				ENABLE_PREVIEWS = YES;
				GENERATE_INFOPLIST_FILE = YES;
				INFOPLIST_KEY_UIApplicationSceneManifest_Generation = YES;
				INFOPLIST_KEY_UIApplicationSupportsIndirectInputEvents = YES;
				INFOPLIST_KEY_UILaunchScreen_Generation = YES;
				INFOPLIST_KEY_UISupportedInterfaceOrientations_iPad = "UIInterfaceOrientationPortrait UIInterfaceOrientationPortraitUpsideDown UIInterfaceOrientationLandscapeLeft UIInterfaceOrientationLandscapeRight";
				INFOPLIST_KEY_UISupportedInterfaceOrientations_iPhone = "UIInterfaceOrientationPortrait UIInterfaceOrientationLandscapeLeft UIInterfaceOrientationLandscapeRight";
				LD_RUNPATH_SEARCH_PATHS = (
					"$(inherited)",
					"@executable_path/Frameworks",
				);
				MARKETING_VERSION = 1.0;
				PRODUCT_BUNDLE_IDENTIFIER = "-.BioGuard";
				PRODUCT_NAME = "$(TARGET_NAME)";
				SWIFT_EMIT_LOC_STRINGS = YES;
				SWIFT_VERSION = 5.0;
				TARGETED_DEVICE_FAMILY = "1,2";
			};
			name = Release;
		};
		7EFA24412ECE4B2200C8B68A /* Debug */ = {
			isa = XCBuildConfiguration;
			buildSettings = {
				BUNDLE_LOADER = "$(TEST_HOST)";
				CODE_SIGN_STYLE = Automatic;
				CURRENT_PROJECT_VERSION = 1;
				GENERATE_INFOPLIST_FILE = YES;
				IPHONEOS_DEPLOYMENT_TARGET = 18.5;
				MARKETING_VERSION = 1.0;
				PRODUCT_BUNDLE_IDENTIFIER = "-.BioGuardTests";
				PRODUCT_NAME = "$(TARGET_NAME)";
				SWIFT_EMIT_LOC_STRINGS = NO;
				SWIFT_VERSION = 5.0;
				TARGETED_DEVICE_FAMILY = "1,2";
				TEST_HOST = "$(BUILT_PRODUCTS_DIR)/BioGuard.app/$(BUNDLE_EXECUTABLE_FOLDER_PATH)/BioGuard";
			};
			name = Debug;
		};
		7EFA24422ECE4B2200C8B68A /* Release */ = {
			isa = XCBuildConfiguration;
			buildSettings = {
				BUNDLE_LOADER = "$(TEST_HOST)";
				CODE_SIGN_STYLE = Automatic;
				CURRENT_PROJECT_VERSION = 1;
				GENERATE_INFOPLIST_FILE = YES;
				IPHONEOS_DEPLOYMENT_TARGET = 18.5;
				MARKETING_VERSION = 1.0;
				PRODUCT_BUNDLE_IDENTIFIER = "-.BioGuardTests";
				PRODUCT_NAME = "$(TARGET_NAME)";
				SWIFT_EMIT_LOC_STRINGS = NO;
				SWIFT_VERSION = 5.0;
				TARGETED_DEVICE_FAMILY = "1,2";
				TEST_HOST = "$(BUILT_PRODUCTS_DIR)/BioGuard.app/$(BUNDLE_EXECUTABLE_FOLDER_PATH)/BioGuard";
			};
			name = Release;
		};
		7EFA24442ECE4B2200C8B68A /* Debug */ = {
			isa = XCBuildConfiguration;
			buildSettings = {
				CODE_SIGN_STYLE = Automatic;
				CURRENT_PROJECT_VERSION = 1;
				GENERATE_INFOPLIST_FILE = YES;
				MARKETING_VERSION = 1.0;
				PRODUCT_BUNDLE_IDENTIFIER = "-.BioGuardUITests";
				PRODUCT_NAME = "$(TARGET_NAME)";
				SWIFT_EMIT_LOC_STRINGS = NO;
				SWIFT_VERSION = 5.0;
				TARGETED_DEVICE_FAMILY = "1,2";
				TEST_TARGET_NAME = BioGuard;
			};
			name = Debug;
		};
		7EFA24452ECE4B2200C8B68A /* Release */ = {
			isa = XCBuildConfiguration;
			buildSettings = {
				CODE_SIGN_STYLE = Automatic;
				CURRENT_PROJECT_VERSION = 1;
				GENERATE_INFOPLIST_FILE = YES;
				MARKETING_VERSION = 1.0;
				PRODUCT_BUNDLE_IDENTIFIER = "-.BioGuardUITests";
				PRODUCT_NAME = "$(TARGET_NAME)";
				SWIFT_EMIT_LOC_STRINGS = NO;
				SWIFT_VERSION = 5.0;
				TARGETED_DEVICE_FAMILY = "1,2";
				TEST_TARGET_NAME = BioGuard;
			};
			name = Release;
		};
/* End XCBuildConfiguration section */

/* Begin XCConfigurationList section */
		7EFA24172ECE4B2100C8B68A /* Build configuration list for PBXProject "BioGuard" */ = {
			isa = XCConfigurationList;
			buildConfigurations = (
				7EFA243B2ECE4B2200C8B68A /* Debug */,
				7EFA243C2ECE4B2200C8B68A /* Release */,
			);
			defaultConfigurationIsVisible = 0;
			defaultConfigurationName = Release;
		};
		7EFA243D2ECE4B2200C8B68A /* Build configuration list for PBXNativeTarget "BioGuard" */ = {
			isa = XCConfigurationList;
			buildConfigurations = (
				7EFA243E2ECE4B2200C8B68A /* Debug */,
				7EFA243F2ECE4B2200C8B68A /* Release */,
			);
			defaultConfigurationIsVisible = 0;
			defaultConfigurationName = Release;
		};
		7EFA24402ECE4B2200C8B68A /* Build configuration list for PBXNativeTarget "BioGuardTests" */ = {
			isa = XCConfigurationList;
			buildConfigurations = (
				7EFA24412ECE4B2200C8B68A /* Debug */,
				7EFA24422ECE4B2200C8B68A /* Release */,
			);
			defaultConfigurationIsVisible = 0;
			defaultConfigurationName = Release;
		};
		7EFA24432ECE4B2200C8B68A /* Build configuration list for PBXNativeTarget "BioGuardUITests" */ = {
			isa = XCConfigurationList;
			buildConfigurations = (
				7EFA24442ECE4B2200C8B68A /* Debug */,
				7EFA24452ECE4B2200C8B68A /* Release */,
			);
			defaultConfigurationIsVisible = 0;
			defaultConfigurationName = Release;
		};
/* End XCConfigurationList section */
	};
	rootObject = 7EFA24142ECE4B2100C8B68A /* Project object */;
}
